// !$*UTF8*$!
{
	archiveVersion = 1;
	classes = {
	};
	objectVersion = 46;
	objects = {

/* Begin PBXBuildFile section */
		002B5C3F1BBE28870002B09D /* RomanStringTestCase.m in Sources */ = {isa = PBXBuildFile; fileRef = 002B5C3E1BBE28870002B09D /* RomanStringTestCase.m */; settings = {ASSET_TAGS = (); }; };
		002B5C421BBE302C0002B09D /* Model.m in Sources */ = {isa = PBXBuildFile; fileRef = 002B5C411BBE302C0002B09D /* Model.m */; settings = {ASSET_TAGS = (); }; };
		006A28351BBDE76100E6D443 /* main.m in Sources */ = {isa = PBXBuildFile; fileRef = 006A28341BBDE76100E6D443 /* main.m */; };
		006A28381BBDE76100E6D443 /* AppDelegate.m in Sources */ = {isa = PBXBuildFile; fileRef = 006A28371BBDE76100E6D443 /* AppDelegate.m */; };
		006A283B1BBDE76100E6D443 /* ViewController.m in Sources */ = {isa = PBXBuildFile; fileRef = 006A283A1BBDE76100E6D443 /* ViewController.m */; };
		006A283E1BBDE76100E6D443 /* Main.storyboard in Resources */ = {isa = PBXBuildFile; fileRef = 006A283C1BBDE76100E6D443 /* Main.storyboard */; };
		006A28401BBDE76100E6D443 /* Assets.xcassets in Resources */ = {isa = PBXBuildFile; fileRef = 006A283F1BBDE76100E6D443 /* Assets.xcassets */; };
		006A28431BBDE76100E6D443 /* LaunchScreen.storyboard in Resources */ = {isa = PBXBuildFile; fileRef = 006A28411BBDE76100E6D443 /* LaunchScreen.storyboard */; };
/* End PBXBuildFile section */

/* Begin PBXContainerItemProxy section */
		006A284A1BBDE76100E6D443 /* PBXContainerItemProxy */ = {
			isa = PBXContainerItemProxy;
			containerPortal = 006A28281BBDE76100E6D443 /* Project object */;
			proxyType = 1;
			remoteGlobalIDString = 006A282F1BBDE76100E6D443;
			remoteInfo = RomanToNumeric;
		};
/* End PBXContainerItemProxy section */

/* Begin PBXFileReference section */
		002B5C3E1BBE28870002B09D /* RomanStringTestCase.m */ = {isa = PBXFileReference; fileEncoding = 4; lastKnownFileType = sourcecode.c.objc; name = RomanStringTestCase.m; path = ../RomanStringTestCase.m; sourceTree = "<group>"; };
		002B5C401BBE302C0002B09D /* Model.h */ = {isa = PBXFileReference; fileEncoding = 4; lastKnownFileType = sourcecode.c.h; path = Model.h; sourceTree = "<group>"; };
		002B5C411BBE302C0002B09D /* Model.m */ = {isa = PBXFileReference; fileEncoding = 4; lastKnownFileType = sourcecode.c.objc; path = Model.m; sourceTree = "<group>"; };
		006A28301BBDE76100E6D443 /* RomanToNumeric.app */ = {isa = PBXFileReference; explicitFileType = wrapper.application; includeInIndex = 0; path = RomanToNumeric.app; sourceTree = BUILT_PRODUCTS_DIR; };
		006A28341BBDE76100E6D443 /* main.m */ = {isa = PBXFileReference; lastKnownFileType = sourcecode.c.objc; path = main.m; sourceTree = "<group>"; };
		006A28361BBDE76100E6D443 /* AppDelegate.h */ = {isa = PBXFileReference; lastKnownFileType = sourcecode.c.h; path = AppDelegate.h; sourceTree = "<group>"; };
		006A28371BBDE76100E6D443 /* AppDelegate.m */ = {isa = PBXFileReference; lastKnownFileType = sourcecode.c.objc; path = AppDelegate.m; sourceTree = "<group>"; };
		006A28391BBDE76100E6D443 /* ViewController.h */ = {isa = PBXFileReference; lastKnownFileType = sourcecode.c.h; path = ViewController.h; sourceTree = "<group>"; };
		006A283A1BBDE76100E6D443 /* ViewController.m */ = {isa = PBXFileReference; lastKnownFileType = sourcecode.c.objc; path = ViewController.m; sourceTree = "<group>"; };
		006A283D1BBDE76100E6D443 /* Base */ = {isa = PBXFileReference; lastKnownFileType = file.storyboard; name = Base; path = Base.lproj/Main.storyboard; sourceTree = "<group>"; };
		006A283F1BBDE76100E6D443 /* Assets.xcassets */ = {isa = PBXFileReference; lastKnownFileType = folder.assetcatalog; path = Assets.xcassets; sourceTree = "<group>"; };
		006A28421BBDE76100E6D443 /* Base */ = {isa = PBXFileReference; lastKnownFileType = file.storyboard; name = Base; path = Base.lproj/LaunchScreen.storyboard; sourceTree = "<group>"; };
		006A28441BBDE76100E6D443 /* Info.plist */ = {isa = PBXFileReference; lastKnownFileType = text.plist.xml; path = Info.plist; sourceTree = "<group>"; };
		006A28491BBDE76100E6D443 /* RomanToNumericTests.xctest */ = {isa = PBXFileReference; explicitFileType = wrapper.cfbundle; includeInIndex = 0; path = RomanToNumericTests.xctest; sourceTree = BUILT_PRODUCTS_DIR; };
		006A284F1BBDE76100E6D443 /* Info.plist */ = {isa = PBXFileReference; lastKnownFileType = text.plist.xml; path = Info.plist; sourceTree = "<group>"; };
/* End PBXFileReference section */

/* Begin PBXFrameworksBuildPhase section */
		006A282D1BBDE76100E6D443 /* Frameworks */ = {
			isa = PBXFrameworksBuildPhase;
			buildActionMask = 2147483647;
			files = (
			);
			runOnlyForDeploymentPostprocessing = 0;
		};
		006A28461BBDE76100E6D443 /* Frameworks */ = {
			isa = PBXFrameworksBuildPhase;
			buildActionMask = 2147483647;
			files = (
			);
			runOnlyForDeploymentPostprocessing = 0;
		};
/* End PBXFrameworksBuildPhase section */

/* Begin PBXGroup section */
		002B5C441BBE38A90002B09D /* Model */ = {
			isa = PBXGroup;
			children = (
				002B5C401BBE302C0002B09D /* Model.h */,
				002B5C411BBE302C0002B09D /* Model.m */,
			);
			name = Model;
			sourceTree = "<group>";
		};
		002B5C451BBE38B20002B09D /* View */ = {
			isa = PBXGroup;
			children = (
				006A28411BBDE76100E6D443 /* LaunchScreen.storyboard */,
				006A28391BBDE76100E6D443 /* ViewController.h */,
				006A283A1BBDE76100E6D443 /* ViewController.m */,
				006A283C1BBDE76100E6D443 /* Main.storyboard */,
			);
			name = View;
			sourceTree = "<group>";
		};
		006A28271BBDE76100E6D443 = {
			isa = PBXGroup;
			children = (
				006A28321BBDE76100E6D443 /* RomanToNumeric */,
				006A284C1BBDE76100E6D443 /* RomanToNumericTests */,
				006A28311BBDE76100E6D443 /* Products */,
			);
			sourceTree = "<group>";
		};
		006A28311BBDE76100E6D443 /* Products */ = {
			isa = PBXGroup;
			children = (
				006A28301BBDE76100E6D443 /* RomanToNumeric.app */,
				006A28491BBDE76100E6D443 /* RomanToNumericTests.xctest */,
			);
			name = Products;
			sourceTree = "<group>";
		};
		006A28321BBDE76100E6D443 /* RomanToNumeric */ = {
			isa = PBXGroup;
			children = (
				006A28361BBDE76100E6D443 /* AppDelegate.h */,
				006A28371BBDE76100E6D443 /* AppDelegate.m */,
				002B5C441BBE38A90002B09D /* Model */,
				002B5C451BBE38B20002B09D /* View */,
				006A28331BBDE76100E6D443 /* Supporting Files */,
			);
			path = RomanToNumeric;
			sourceTree = "<group>";
		};
		006A28331BBDE76100E6D443 /* Supporting Files */ = {
			isa = PBXGroup;
			children = (
				006A28441BBDE76100E6D443 /* Info.plist */,
				006A283F1BBDE76100E6D443 /* Assets.xcassets */,
				006A28341BBDE76100E6D443 /* main.m */,
			);
			name = "Supporting Files";
			sourceTree = "<group>";
		};
		006A284C1BBDE76100E6D443 /* RomanToNumericTests */ = {
			isa = PBXGroup;
			children = (
				002B5C3E1BBE28870002B09D /* RomanStringTestCase.m */,
				006A284F1BBDE76100E6D443 /* Info.plist */,
			);
			path = RomanToNumericTests;
			sourceTree = "<group>";
		};
/* End PBXGroup section */

/* Begin PBXNativeTarget section */
		006A282F1BBDE76100E6D443 /* RomanToNumeric */ = {
			isa = PBXNativeTarget;
			buildConfigurationList = 006A28521BBDE76100E6D443 /* Build configuration list for PBXNativeTarget "RomanToNumeric" */;
			buildPhases = (
				006A282C1BBDE76100E6D443 /* Sources */,
				006A282D1BBDE76100E6D443 /* Frameworks */,
				006A282E1BBDE76100E6D443 /* Resources */,
			);
			buildRules = (
			);
			dependencies = (
			);
			name = RomanToNumeric;
			productName = RomanToNumeric;
			productReference = 006A28301BBDE76100E6D443 /* RomanToNumeric.app */;
			productType = "com.apple.product-type.application";
		};
		006A28481BBDE76100E6D443 /* RomanToNumericTests */ = {
			isa = PBXNativeTarget;
			buildConfigurationList = 006A28551BBDE76100E6D443 /* Build configuration list for PBXNativeTarget "RomanToNumericTests" */;
			buildPhases = (
				006A28451BBDE76100E6D443 /* Sources */,
				006A28461BBDE76100E6D443 /* Frameworks */,
				006A28471BBDE76100E6D443 /* Resources */,
			);
			buildRules = (
			);
			dependencies = (
				006A284B1BBDE76100E6D443 /* PBXTargetDependency */,
			);
			name = RomanToNumericTests;
			productName = RomanToNumericTests;
			productReference = 006A28491BBDE76100E6D443 /* RomanToNumericTests.xctest */;
			productType = "com.apple.product-type.bundle.unit-test";
		};
/* End PBXNativeTarget section */

/* Begin PBXProject section */
		006A28281BBDE76100E6D443 /* Project object */ = {
			isa = PBXProject;
			attributes = {
				LastUpgradeCheck = 0700;
				ORGANIZATIONNAME = "Dheeraj Singh";
				TargetAttributes = {
					006A282F1BBDE76100E6D443 = {
						CreatedOnToolsVersion = 7.0;
						DevelopmentTeam = 344V6JJ9K3;
					};
					006A28481BBDE76100E6D443 = {
						CreatedOnToolsVersion = 7.0;
						DevelopmentTeam = 344V6JJ9K3;
						TestTargetID = 006A282F1BBDE76100E6D443;
					};
				};
			};
			buildConfigurationList = 006A282B1BBDE76100E6D443 /* Build configuration list for PBXProject "RomanToNumeric" */;
			compatibilityVersion = "Xcode 3.2";
			developmentRegion = English;
			hasScannedForEncodings = 0;
			knownRegions = (
				en,
				Base,
			);
			mainGroup = 006A28271BBDE76100E6D443;
			productRefGroup = 006A28311BBDE76100E6D443 /* Products */;
			projectDirPath = "";
			projectRoot = "";
			targets = (
				006A282F1BBDE76100E6D443 /* RomanToNumeric */,
				006A28481BBDE76100E6D443 /* RomanToNumericTests */,
			);
		};
/* End PBXProject section */

/* Begin PBXResourcesBuildPhase section */
		006A282E1BBDE76100E6D443 /* Resources */ = {
			isa = PBXResourcesBuildPhase;
			buildActionMask = 2147483647;
			files = (
				006A28431BBDE76100E6D443 /* LaunchScreen.storyboard in Resources */,
				006A28401BBDE76100E6D443 /* Assets.xcassets in Resources */,
				006A283E1BBDE76100E6D443 /* Main.storyboard in Resources */,
			);
			runOnlyForDeploymentPostprocessing = 0;
		};
		006A28471BBDE76100E6D443 /* Resources */ = {
			isa = PBXResourcesBuildPhase;
			buildActionMask = 2147483647;
			files = (
			);
			runOnlyForDeploymentPostprocessing = 0;
		};
/* End PBXResourcesBuildPhase section */

/* Begin PBXSourcesBuildPhase section */
		006A282C1BBDE76100E6D443 /* Sources */ = {
			isa = PBXSourcesBuildPhase;
			buildActionMask = 2147483647;
			files = (
				006A283B1BBDE76100E6D443 /* ViewController.m in Sources */,
				006A28381BBDE76100E6D443 /* AppDelegate.m in Sources */,
				006A28351BBDE76100E6D443 /* main.m in Sources */,
				002B5C421BBE302C0002B09D /* Model.m in Sources */,
			);
			runOnlyForDeploymentPostprocessing = 0;
		};
		006A28451BBDE76100E6D443 /* Sources */ = {
			isa = PBXSourcesBuildPhase;
			buildActionMask = 2147483647;
			files = (
				002B5C3F1BBE28870002B09D /* RomanStringTestCase.m in Sources */,
			);
			runOnlyForDeploymentPostprocessing = 0;
		};
/* End PBXSourcesBuildPhase section */

/* Begin PBXTargetDependency section */
		006A284B1BBDE76100E6D443 /* PBXTargetDependency */ = {
			isa = PBXTargetDependency;
			target = 006A282F1BBDE76100E6D443 /* RomanToNumeric */;
			targetProxy = 006A284A1BBDE76100E6D443 /* PBXContainerItemProxy */;
		};
/* End PBXTargetDependency section */

/* Begin PBXVariantGroup section */
		006A283C1BBDE76100E6D443 /* Main.storyboard */ = {
			isa = PBXVariantGroup;
			children = (
				006A283D1BBDE76100E6D443 /* Base */,
			);
			name = Main.storyboard;
			sourceTree = "<group>";
		};
		006A28411BBDE76100E6D443 /* LaunchScreen.storyboard */ = {
			isa = PBXVariantGroup;
			children = (
				006A28421BBDE76100E6D443 /* Base */,
			);
			name = LaunchScreen.storyboard;
			sourceTree = "<group>";
		};
/* End PBXVariantGroup section */

/* Begin XCBuildConfiguration section */
		006A28501BBDE76100E6D443 /* Debug */ = {
			isa = XCBuildConfiguration;
			buildSettings = {
				ALWAYS_SEARCH_USER_PATHS = NO;
				CLANG_CXX_LANGUAGE_STANDARD = "gnu++0x";
				CLANG_CXX_LIBRARY = "libc++";
				CLANG_ENABLE_MODULES = YES;
				CLANG_ENABLE_OBJC_ARC = YES;
				CLANG_WARN_BOOL_CONVERSION = YES;
				CLANG_WARN_CONSTANT_CONVERSION = YES;
				CLANG_WARN_DIRECT_OBJC_ISA_USAGE = YES_ERROR;
				CLANG_WARN_EMPTY_BODY = YES;
				CLANG_WARN_ENUM_CONVERSION = YES;
				CLANG_WARN_INT_CONVERSION = YES;
				CLANG_WARN_OBJC_ROOT_CLASS = YES_ERROR;
				CLANG_WARN_UNREACHABLE_CODE = YES;
				CLANG_WARN__DUPLICATE_METHOD_MATCH = YES;
				"CODE_SIGN_IDENTITY[sdk=iphoneos*]" = "iPhone Developer";
				COPY_PHASE_STRIP = NO;
				DEBUG_INFORMATION_FORMAT = dwarf;
				ENABLE_STRICT_OBJC_MSGSEND = YES;
				ENABLE_TESTABILITY = YES;
				GCC_C_LANGUAGE_STANDARD = gnu99;
				GCC_DYNAMIC_NO_PIC = NO;
				GCC_NO_COMMON_BLOCKS = YES;
				GCC_OPTIMIZATION_LEVEL = 0;
				GCC_PREPROCESSOR_DEFINITIONS = (
					"DEBUG=1",
					"$(inherited)",
				);
				GCC_WARN_64_TO_32_BIT_CONVERSION = YES;
				GCC_WARN_ABOUT_RETURN_TYPE = YES_ERROR;
				GCC_WARN_UNDECLARED_SELECTOR = YES;
				GCC_WARN_UNINITIALIZED_AUTOS = YES_AGGRESSIVE;
				GCC_WARN_UNUSED_FUNCTION = YES;
				GCC_WARN_UNUSED_VARIABLE = YES;
				IPHONEOS_DEPLOYMENT_TARGET = 9.0;
				MTL_ENABLE_DEBUG_INFO = YES;
				ONLY_ACTIVE_ARCH = YES;
				SDKROOT = iphoneos;
				TARGETED_DEVICE_FAMILY = "1,2";
			};
			name = Debug;
		};
		006A28511BBDE76100E6D443 /* Release */ = {
			isa = XCBuildConfiguration;
			buildSettings = {
				ALWAYS_SEARCH_USER_PATHS = NO;
				CLANG_CXX_LANGUAGE_STANDARD = "gnu++0x";
				CLANG_CXX_LIBRARY = "libc++";
				CLANG_ENABLE_MODULES = YES;
				CLANG_ENABLE_OBJC_ARC = YES;
				CLANG_WARN_BOOL_CONVERSION = YES;
				CLANG_WARN_CONSTANT_CONVERSION = YES;
				CLANG_WARN_DIRECT_OBJC_ISA_USAGE = YES_ERROR;
				CLANG_WARN_EMPTY_BODY = YES;
				CLANG_WARN_ENUM_CONVERSION = YES;
				CLANG_WARN_INT_CONVERSION = YES;
				CLANG_WARN_OBJC_ROOT_CLASS = YES_ERROR;
				CLANG_WARN_UNREACHABLE_CODE = YES;
				CLANG_WARN__DUPLICATE_METHOD_MATCH = YES;
				"CODE_SIGN_IDENTITY[sdk=iphoneos*]" = "iPhone Developer";
				COPY_PHASE_STRIP = NO;
				DEBUG_INFORMATION_FORMAT = "dwarf-with-dsym";
				ENABLE_NS_ASSERTIONS = NO;
				ENABLE_STRICT_OBJC_MSGSEND = YES;
				GCC_C_LANGUAGE_STANDARD = gnu99;
				GCC_NO_COMMON_BLOCKS = YES;
				GCC_WARN_64_TO_32_BIT_CONVERSION = YES;
				GCC_WARN_ABOUT_RETURN_TYPE = YES_ERROR;
				GCC_WARN_UNDECLARED_SELECTOR = YES;
				GCC_WARN_UNINITIALIZED_AUTOS = YES_AGGRESSIVE;
				GCC_WARN_UNUSED_FUNCTION = YES;
				GCC_WARN_UNUSED_VARIABLE = YES;
				IPHONEOS_DEPLOYMENT_TARGET = 9.0;
				MTL_ENABLE_DEBUG_INFO = NO;
				SDKROOT = iphoneos;
				TARGETED_DEVICE_FAMILY = "1,2";
				VALIDATE_PRODUCT = YES;
			};
			name = Release;
		};
		006A28531BBDE76100E6D443 /* Debug */ = {
			isa = XCBuildConfiguration;
			buildSettings = {
				ASSETCATALOG_COMPILER_APPICON_NAME = AppIcon;
				INFOPLIST_FILE = RomanToNumeric/Info.plist;
				LD_RUNPATH_SEARCH_PATHS = "$(inherited) @executable_path/Frameworks";
				PRODUCT_BUNDLE_IDENTIFIER = Personal.RomanToNumeric;
				PRODUCT_NAME = "$(TARGET_NAME)";
			};
			name = Debug;
		};
		006A28541BBDE76100E6D443 /* Release */ = {
			isa = XCBuildConfiguration;
			buildSettings = {
				ASSETCATALOG_COMPILER_APPICON_NAME = AppIcon;
				INFOPLIST_FILE = RomanToNumeric/Info.plist;
				LD_RUNPATH_SEARCH_PATHS = "$(inherited) @executable_path/Frameworks";
				PRODUCT_BUNDLE_IDENTIFIER = Personal.RomanToNumeric;
				PRODUCT_NAME = "$(TARGET_NAME)";
			};
			name = Release;
		};
		006A28561BBDE76100E6D443 /* Debug */ = {
			isa = XCBuildConfiguration;
			buildSettings = {
				BUNDLE_LOADER = "$(TEST_HOST)";
				INFOPLIST_FILE = RomanToNumericTests/Info.plist;
				LD_RUNPATH_SEARCH_PATHS = "$(inherited) @executable_path/Frameworks @loader_path/Frameworks";
				PRODUCT_BUNDLE_IDENTIFIER = Personal.RomanToNumericTests;
				PRODUCT_NAME = "$(TARGET_NAME)";
				TEST_HOST = "$(BUILT_PRODUCTS_DIR)/RomanToNumeric.app/RomanToNumeric";
			};
			name = Debug;
		};
		006A28571BBDE76100E6D443 /* Release */ = {
			isa = XCBuildConfiguration;
			buildSettings = {
				BUNDLE_LOADER = "$(TEST_HOST)";
				INFOPLIST_FILE = RomanToNumericTests/Info.plist;
				LD_RUNPATH_SEARCH_PATHS = "$(inherited) @executable_path/Frameworks @loader_path/Frameworks";
				PRODUCT_BUNDLE_IDENTIFIER = Personal.RomanToNumericTests;
				PRODUCT_NAME = "$(TARGET_NAME)";
				TEST_HOST = "$(BUILT_PRODUCTS_DIR)/RomanToNumeric.app/RomanToNumeric";
			};
			name = Release;
		};
/* End XCBuildConfiguration section */

/* Begin XCConfigurationList section */
		006A282B1BBDE76100E6D443 /* Build configuration list for PBXProject "RomanToNumeric" */ = {
			isa = XCConfigurationList;
			buildConfigurations = (
				006A28501BBDE76100E6D443 /* Debug */,
				006A28511BBDE76100E6D443 /* Release */,
			);
			defaultConfigurationIsVisible = 0;
			defaultConfigurationName = Release;
		};
		006A28521BBDE76100E6D443 /* Build configuration list for PBXNativeTarget "RomanToNumeric" */ = {
			isa = XCConfigurationList;
			buildConfigurations = (
				006A28531BBDE76100E6D443 /* Debug */,
				006A28541BBDE76100E6D443 /* Release */,
			);
			defaultConfigurationIsVisible = 0;
			defaultConfigurationName = Release;
		};
		006A28551BBDE76100E6D443 /* Build configuration list for PBXNativeTarget "RomanToNumericTests" */ = {
			isa = XCConfigurationList;
			buildConfigurations = (
				006A28561BBDE76100E6D443 /* Debug */,
				006A28571BBDE76100E6D443 /* Release */,
			);
			defaultConfigurationIsVisible = 0;
			defaultConfigurationName = Release;
		};
/* End XCConfigurationList section */
	};
	rootObject = 006A28281BBDE76100E6D443 /* Project object */;
}
